// !$*UTF8*$!
{
	archiveVersion = 1;
	classes = {
	};
	objectVersion = 50;
	objects = {

/* Begin PBXBuildFile section */
		261FC57025F6A0E3009E413D /* AppDelegate.swift in Sources */ = {isa = PBXBuildFile; fileRef = 261FC56F25F6A0E3009E413D /* AppDelegate.swift */; };
		261FC57225F6A0E3009E413D /* ContentView.swift in Sources */ = {isa = PBXBuildFile; fileRef = 261FC57125F6A0E3009E413D /* ContentView.swift */; };
		261FC57425F6A0E4009E413D /* Assets.xcassets in Resources */ = {isa = PBXBuildFile; fileRef = 261FC57325F6A0E4009E413D /* Assets.xcassets */; };
		261FC57725F6A0E4009E413D /* Preview Assets.xcassets in Resources */ = {isa = PBXBuildFile; fileRef = 261FC57625F6A0E4009E413D /* Preview Assets.xcassets */; };
		261FC57A25F6A0E4009E413D /* Main.storyboard in Resources */ = {isa = PBXBuildFile; fileRef = 261FC57825F6A0E4009E413D /* Main.storyboard */; };
		261FC58425F6A132009E413D /* DockTile.swift in Sources */ = {isa = PBXBuildFile; fileRef = 261FC58325F6A132009E413D /* DockTile.swift */; };
/* End PBXBuildFile section */

/* Begin PBXFileReference section */
		261FC56C25F6A0E3009E413D /* DockTerm.app */ = {isa = PBXFileReference; explicitFileType = wrapper.application; includeInIndex = 0; path = DockTerm.app; sourceTree = BUILT_PRODUCTS_DIR; };
		261FC56F25F6A0E3009E413D /* AppDelegate.swift */ = {isa = PBXFileReference; lastKnownFileType = sourcecode.swift; path = AppDelegate.swift; sourceTree = "<group>"; };
		261FC57125F6A0E3009E413D /* ContentView.swift */ = {isa = PBXFileReference; lastKnownFileType = sourcecode.swift; path = ContentView.swift; sourceTree = "<group>"; };
		261FC57325F6A0E4009E413D /* Assets.xcassets */ = {isa = PBXFileReference; lastKnownFileType = folder.assetcatalog; path = Assets.xcassets; sourceTree = "<group>"; };
		261FC57625F6A0E4009E413D /* Preview Assets.xcassets */ = {isa = PBXFileReference; lastKnownFileType = folder.assetcatalog; path = "Preview Assets.xcassets"; sourceTree = "<group>"; };
		261FC57925F6A0E4009E413D /* Base */ = {isa = PBXFileReference; lastKnownFileType = file.storyboard; name = Base; path = Base.lproj/Main.storyboard; sourceTree = "<group>"; };
		261FC57B25F6A0E4009E413D /* Info.plist */ = {isa = PBXFileReference; lastKnownFileType = text.plist.xml; path = Info.plist; sourceTree = "<group>"; };
		261FC57C25F6A0E4009E413D /* DockTerm.entitlements */ = {isa = PBXFileReference; lastKnownFileType = text.plist.entitlements; path = DockTerm.entitlements; sourceTree = "<group>"; };
		261FC58325F6A132009E413D /* DockTile.swift */ = {isa = PBXFileReference; lastKnownFileType = sourcecode.swift; path = DockTile.swift; sourceTree = "<group>"; };
/* End PBXFileReference section */

/* Begin PBXFrameworksBuildPhase section */
		261FC56925F6A0E3009E413D /* Frameworks */ = {
			isa = PBXFrameworksBuildPhase;
			buildActionMask = 2147483647;
			files = (
			);
			runOnlyForDeploymentPostprocessing = 0;
		};
/* End PBXFrameworksBuildPhase section */

/* Begin PBXGroup section */
		261FC56325F6A0E3009E413D = {
			isa = PBXGroup;
			children = (
				261FC56E25F6A0E3009E413D /* DockTerm */,
				261FC56D25F6A0E3009E413D /* Products */,
			);
			sourceTree = "<group>";
		};
		261FC56D25F6A0E3009E413D /* Products */ = {
			isa = PBXGroup;
			children = (
				261FC56C25F6A0E3009E413D /* DockTerm.app */,
			);
			name = Products;
			sourceTree = "<group>";
		};
		261FC56E25F6A0E3009E413D /* DockTerm */ = {
			isa = PBXGroup;
			children = (
				261FC56F25F6A0E3009E413D /* AppDelegate.swift */,
				261FC57125F6A0E3009E413D /* ContentView.swift */,
				261FC58325F6A132009E413D /* DockTile.swift */,
				261FC57325F6A0E4009E413D /* Assets.xcassets */,
				261FC57825F6A0E4009E413D /* Main.storyboard */,
				261FC57B25F6A0E4009E413D /* Info.plist */,
				261FC57C25F6A0E4009E413D /* DockTerm.entitlements */,
				261FC57525F6A0E4009E413D /* Preview Content */,
			);
			path = DockTerm;
			sourceTree = "<group>";
		};
		261FC57525F6A0E4009E413D /* Preview Content */ = {
			isa = PBXGroup;
			children = (
				261FC57625F6A0E4009E413D /* Preview Assets.xcassets */,
			);
			path = "Preview Content";
			sourceTree = "<group>";
		};
/* End PBXGroup section */

/* Begin PBXNativeTarget section */
		261FC56B25F6A0E3009E413D /* DockTerm */ = {
			isa = PBXNativeTarget;
			buildConfigurationList = 261FC57F25F6A0E4009E413D /* Build configuration list for PBXNativeTarget "DockTerm" */;
			buildPhases = (
				261FC56825F6A0E3009E413D /* Sources */,
				261FC56925F6A0E3009E413D /* Frameworks */,
				261FC56A25F6A0E3009E413D /* Resources */,
			);
			buildRules = (
			);
			dependencies = (
			);
			name = DockTerm;
			productName = DockTerm;
			productReference = 261FC56C25F6A0E3009E413D /* DockTerm.app */;
			productType = "com.apple.product-type.application";
		};
/* End PBXNativeTarget section */

/* Begin PBXProject section */
		261FC56425F6A0E3009E413D /* Project object */ = {
			isa = PBXProject;
			attributes = {
				LastSwiftUpdateCheck = 1240;
				LastUpgradeCheck = 1240;
				TargetAttributes = {
					261FC56B25F6A0E3009E413D = {
						CreatedOnToolsVersion = 12.4;
					};
				};
			};
			buildConfigurationList = 261FC56725F6A0E3009E413D /* Build configuration list for PBXProject "DockTerm" */;
			compatibilityVersion = "Xcode 9.3";
			developmentRegion = en;
			hasScannedForEncodings = 0;
			knownRegions = (
				en,
				Base,
			);
			mainGroup = 261FC56325F6A0E3009E413D;
			productRefGroup = 261FC56D25F6A0E3009E413D /* Products */;
			projectDirPath = "";
			projectRoot = "";
			targets = (
				261FC56B25F6A0E3009E413D /* DockTerm */,
			);
		};
/* End PBXProject section */

/* Begin PBXResourcesBuildPhase section */
		261FC56A25F6A0E3009E413D /* Resources */ = {
			isa = PBXResourcesBuildPhase;
			buildActionMask = 2147483647;
			files = (
				261FC57A25F6A0E4009E413D /* Main.storyboard in Resources */,
				261FC57725F6A0E4009E413D /* Preview Assets.xcassets in Resources */,
				261FC57425F6A0E4009E413D /* Assets.xcassets in Resources */,
			);
			runOnlyForDeploymentPostprocessing = 0;
		};
/* End PBXResourcesBuildPhase section */

/* Begin PBXSourcesBuildPhase section */
		261FC56825F6A0E3009E413D /* Sources */ = {
			isa = PBXSourcesBuildPhase;
			buildActionMask = 2147483647;
			files = (
				261FC57225F6A0E3009E413D /* ContentView.swift in Sources */,
				261FC58425F6A132009E413D /* DockTile.swift in Sources */,
				261FC57025F6A0E3009E413D /* AppDelegate.swift in Sources */,
			);
			runOnlyForDeploymentPostprocessing = 0;
		};
/* End PBXSourcesBuildPhase section */

/* Begin PBXVariantGroup section */
		261FC57825F6A0E4009E413D /* Main.storyboard */ = {
			isa = PBXVariantGroup;
			children = (
				261FC57925F6A0E4009E413D /* Base */,
			);
			name = Main.storyboard;
			sourceTree = "<group>";
		};
/* End PBXVariantGroup section */

/* Begin XCBuildConfiguration section */
		261FC57D25F6A0E4009E413D /* Debug */ = {
			isa = XCBuildConfiguration;
			buildSettings = {
				ALWAYS_SEARCH_USER_PATHS = NO;
				CLANG_ANALYZER_NONNULL = YES;
				CLANG_ANALYZER_NUMBER_OBJECT_CONVERSION = YES_AGGRESSIVE;
				CLANG_CXX_LANGUAGE_STANDARD = "gnu++14";
				CLANG_CXX_LIBRARY = "libc++";
				CLANG_ENABLE_MODULES = YES;
				CLANG_ENABLE_OBJC_ARC = YES;
				CLANG_ENABLE_OBJC_WEAK = YES;
				CLANG_WARN_BLOCK_CAPTURE_AUTORELEASING = YES;
				CLANG_WARN_BOOL_CONVERSION = YES;
				CLANG_WARN_COMMA = YES;
				CLANG_WARN_CONSTANT_CONVERSION = YES;
				CLANG_WARN_DEPRECATED_OBJC_IMPLEMENTATIONS = YES;
				CLANG_WARN_DIRECT_OBJC_ISA_USAGE = YES_ERROR;
				CLANG_WARN_DOCUMENTATION_COMMENTS = YES;
				CLANG_WARN_EMPTY_BODY = YES;
				CLANG_WARN_ENUM_CONVERSION = YES;
				CLANG_WARN_INFINITE_RECURSION = YES;
				CLANG_WARN_INT_CONVERSION = YES;
				CLANG_WARN_NON_LITERAL_NULL_CONVERSION = YES;
				CLANG_WARN_OBJC_IMPLICIT_RETAIN_SELF = YES;
				CLANG_WARN_OBJC_LITERAL_CONVERSION = YES;
				CLANG_WARN_OBJC_ROOT_CLASS = YES_ERROR;
				CLANG_WARN_QUOTED_INCLUDE_IN_FRAMEWORK_HEADER = YES;
				CLANG_WARN_RANGE_LOOP_ANALYSIS = YES;
				CLANG_WARN_STRICT_PROTOTYPES = YES;
				CLANG_WARN_SUSPICIOUS_MOVE = YES;
				CLANG_WARN_UNGUARDED_AVAILABILITY = YES_AGGRESSIVE;
				CLANG_WARN_UNREACHABLE_CODE = YES;
				CLANG_WARN__DUPLICATE_METHOD_MATCH = YES;
				COPY_PHASE_STRIP = NO;
				DEBUG_INFORMATION_FORMAT = dwarf;
				ENABLE_STRICT_OBJC_MSGSEND = YES;
				ENABLE_TESTABILITY = YES;
				GCC_C_LANGUAGE_STANDARD = gnu11;
				GCC_DYNAMIC_NO_PIC = NO;
				GCC_NO_COMMON_BLOCKS = YES;
				GCC_OPTIMIZATION_LEVEL = 0;
				GCC_PREPROCESSOR_DEFINITIONS = (
					"DEBUG=1",
					"$(inherited)",
				);
				GCC_WARN_64_TO_32_BIT_CONVERSION = YES;
				GCC_WARN_ABOUT_RETURN_TYPE = YES_ERROR;
				GCC_WARN_UNDECLARED_SELECTOR = YES;
				GCC_WARN_UNINITIALIZED_AUTOS = YES_AGGRESSIVE;
				GCC_WARN_UNUSED_FUNCTION = YES;
				GCC_WARN_UNUSED_VARIABLE = YES;
				MACOSX_DEPLOYMENT_TARGET = 10.15;
				MTL_ENABLE_DEBUG_INFO = INCLUDE_SOURCE;
				MTL_FAST_MATH = YES;
				ONLY_ACTIVE_ARCH = YES;
				SDKROOT = macosx;
				SWIFT_ACTIVE_COMPILATION_CONDITIONS = DEBUG;
				SWIFT_OPTIMIZATION_LEVEL = "-Onone";
			};
			name = Debug;
		};
		261FC57E25F6A0E4009E413D /* Release */ = {
			isa = XCBuildConfiguration;
			buildSettings = {
				ALWAYS_SEARCH_USER_PATHS = NO;
				CLANG_ANALYZER_NONNULL = YES;
				CLANG_ANALYZER_NUMBER_OBJECT_CONVERSION = YES_AGGRESSIVE;
				CLANG_CXX_LANGUAGE_STANDARD = "gnu++14";
				CLANG_CXX_LIBRARY = "libc++";
				CLANG_ENABLE_MODULES = YES;
				CLANG_ENABLE_OBJC_ARC = YES;
				CLANG_ENABLE_OBJC_WEAK = YES;
				CLANG_WARN_BLOCK_CAPTURE_AUTORELEASING = YES;
				CLANG_WARN_BOOL_CONVERSION = YES;
				CLANG_WARN_COMMA = YES;
				CLANG_WARN_CONSTANT_CONVERSION = YES;
				CLANG_WARN_DEPRECATED_OBJC_IMPLEMENTATIONS = YES;
				CLANG_WARN_DIRECT_OBJC_ISA_USAGE = YES_ERROR;
				CLANG_WARN_DOCUMENTATION_COMMENTS = YES;
				CLANG_WARN_EMPTY_BODY = YES;
				CLANG_WARN_ENUM_CONVERSION = YES;
				CLANG_WARN_INFINITE_RECURSION = YES;
				CLANG_WARN_INT_CONVERSION = YES;
				CLANG_WARN_NON_LITERAL_NULL_CONVERSION = YES;
				CLANG_WARN_OBJC_IMPLICIT_RETAIN_SELF = YES;
				CLANG_WARN_OBJC_LITERAL_CONVERSION = YES;
				CLANG_WARN_OBJC_ROOT_CLASS = YES_ERROR;
				CLANG_WARN_QUOTED_INCLUDE_IN_FRAMEWORK_HEADER = YES;
				CLANG_WARN_RANGE_LOOP_ANALYSIS = YES;
				CLANG_WARN_STRICT_PROTOTYPES = YES;
				CLANG_WARN_SUSPICIOUS_MOVE = YES;
				CLANG_WARN_UNGUARDED_AVAILABILITY = YES_AGGRESSIVE;
				CLANG_WARN_UNREACHABLE_CODE = YES;
				CLANG_WARN__DUPLICATE_METHOD_MATCH = YES;
				COPY_PHASE_STRIP = NO;
				DEBUG_INFORMATION_FORMAT = "dwarf-with-dsym";
				ENABLE_NS_ASSERTIONS = NO;
				ENABLE_STRICT_OBJC_MSGSEND = YES;
				GCC_C_LANGUAGE_STANDARD = gnu11;
				GCC_NO_COMMON_BLOCKS = YES;
				GCC_WARN_64_TO_32_BIT_CONVERSION = YES;
				GCC_WARN_ABOUT_RETURN_TYPE = YES_ERROR;
				GCC_WARN_UNDECLARED_SELECTOR = YES;
				GCC_WARN_UNINITIALIZED_AUTOS = YES_AGGRESSIVE;
				GCC_WARN_UNUSED_FUNCTION = YES;
				GCC_WARN_UNUSED_VARIABLE = YES;
				MACOSX_DEPLOYMENT_TARGET = 10.15;
				MTL_ENABLE_DEBUG_INFO = NO;
				MTL_FAST_MATH = YES;
				SDKROOT = macosx;
				SWIFT_COMPILATION_MODE = wholemodule;
				SWIFT_OPTIMIZATION_LEVEL = "-O";
			};
			name = Release;
		};
		261FC58025F6A0E4009E413D /* Debug */ = {
			isa = XCBuildConfiguration;
			buildSettings = {
				ASSETCATALOG_COMPILER_APPICON_NAME = AppIcon;
				ASSETCATALOG_COMPILER_GLOBAL_ACCENT_COLOR_NAME = AccentColor;
				CODE_SIGN_ENTITLEMENTS = DockTerm/DockTerm.entitlements;
				CODE_SIGN_STYLE = Automatic;
				COMBINE_HIDPI_IMAGES = YES;
				DEVELOPMENT_ASSET_PATHS = "\"DockTerm/Preview Content\"";
				DEVELOPMENT_TEAM = FH9CW55WY5;
				ENABLE_HARDENED_RUNTIME = YES;
				ENABLE_PREVIEWS = YES;
				INFOPLIST_FILE = DockTerm/Info.plist;
				LD_RUNPATH_SEARCH_PATHS = (
					"$(inherited)",
					"@executable_path/../Frameworks",
				);
				MACOSX_DEPLOYMENT_TARGET = 10.15;
				PRODUCT_BUNDLE_IDENTIFIER = com.buildpassed.DockTerm;
				PRODUCT_NAME = "$(TARGET_NAME)";
				SWIFT_VERSION = 5.0;
			};
			name = Debug;
		};
		261FC58125F6A0E4009E413D /* Release */ = {
			isa = XCBuildConfiguration;
			buildSettings = {
				ASSETCATALOG_COMPILER_APPICON_NAME = AppIcon;
				ASSETCATALOG_COMPILER_GLOBAL_ACCENT_COLOR_NAME = AccentColor;
				CODE_SIGN_ENTITLEMENTS = DockTerm/DockTerm.entitlements;
				CODE_SIGN_STYLE = Automatic;
				COMBINE_HIDPI_IMAGES = YES;
				DEVELOPMENT_ASSET_PATHS = "\"DockTerm/Preview Content\"";
				DEVELOPMENT_TEAM = FH9CW55WY5;
				ENABLE_HARDENED_RUNTIME = YES;
				ENABLE_PREVIEWS = YES;
				INFOPLIST_FILE = DockTerm/Info.plist;
				LD_RUNPATH_SEARCH_PATHS = (
					"$(inherited)",
					"@executable_path/../Frameworks",
				);
				MACOSX_DEPLOYMENT_TARGET = 10.15;
				PRODUCT_BUNDLE_IDENTIFIER = com.buildpassed.DockTerm;
				PRODUCT_NAME = "$(TARGET_NAME)";
				SWIFT_VERSION = 5.0;
			};
			name = Release;
		};
/* End XCBuildConfiguration section */

/* Begin XCConfigurationList section */
		261FC56725F6A0E3009E413D /* Build configuration list for PBXProject "DockTerm" */ = {
			isa = XCConfigurationList;
			buildConfigurations = (
				261FC57D25F6A0E4009E413D /* Debug */,
				261FC57E25F6A0E4009E413D /* Release */,
			);
			defaultConfigurationIsVisible = 0;
			defaultConfigurationName = Release;
		};
		261FC57F25F6A0E4009E413D /* Build configuration list for PBXNativeTarget "DockTerm" */ = {
			isa = XCConfigurationList;
			buildConfigurations = (
				261FC58025F6A0E4009E413D /* Debug */,
				261FC58125F6A0E4009E413D /* Release */,
			);
			defaultConfigurationIsVisible = 0;
			defaultConfigurationName = Release;
		};
/* End XCConfigurationList section */
	};
	rootObject = 261FC56425F6A0E3009E413D /* Project object */;
}
